
Microsoft Visual Studio Solution File, Format Version 11.00
# Visual Studio 2010
Project("{FAE04EC0-301F-11D3-BF4B-00C04F79EFBC}") = "Assembly-CSharp", "Assembly-CSharp.csproj", "{D405C759-6978-887E-7DA3-10CEC5485E86}"
EndProject
Project("{FAE04EC0-301F-11D3-BF4B-00C04F79EFBC}") = "Assembly-CSharp-firstpass", "Assembly-CSharp-firstpass.csproj", "{A80231EC-8AFD-B5A3-1162-346542DF40EE}"
EndProject
Project("{FAE04EC0-301F-11D3-BF4B-00C04F79EFBC}") = "Assembly-CSharp-Editor", "Assembly-CSharp-Editor.csproj", "{4BF4C6EE-E265-7BF4-1729-CEFBD48097D8}"
EndProject
Global
	GlobalSection(SolutionConfigurationPlatforms) = preSolution
		Debug|Any CPU = Debug|Any CPU
		Release|Any CPU = Release|Any CPU
	EndGlobalSection
	GlobalSection(ProjectConfigurationPlatforms) = postSolution
		{D405C759-6978-887E-7DA3-10CEC5485E86}.Debug|Any CPU.ActiveCfg = Debug|Any CPU
		{D405C759-6978-887E-7DA3-10CEC5485E86}.Debug|Any CPU.Build.0 = Debug|Any CPU
		{D405C759-6978-887E-7DA3-10CEC5485E86}.Release|Any CPU.ActiveCfg = Release|Any CPU
		{D405C759-6978-887E-7DA3-10CEC5485E86}.Release|Any CPU.Build.0 = Release|Any CPU
		{A80231EC-8AFD-B5A3-1162-346542DF40EE}.Debug|Any CPU.ActiveCfg = Debug|Any CPU
		{A80231EC-8AFD-B5A3-1162-346542DF40EE}.Debug|Any CPU.Build.0 = Debug|Any CPU
		{A80231EC-8AFD-B5A3-1162-346542DF40EE}.Release|Any CPU.ActiveCfg = Release|Any CPU
		{A80231EC-8AFD-B5A3-1162-346542DF40EE}.Release|Any CPU.Build.0 = Release|Any CPU
		{4BF4C6EE-E265-7BF4-1729-CEFBD48097D8}.Debug|Any CPU.ActiveCfg = Debug|Any CPU
		{4BF4C6EE-E265-7BF4-1729-CEFBD48097D8}.Debug|Any CPU.Build.0 = Debug|Any CPU
		{4BF4C6EE-E265-7BF4-1729-CEFBD48097D8}.Release|Any CPU.ActiveCfg = Release|Any CPU
		{4BF4C6EE-E265-7BF4-1729-CEFBD48097D8}.Release|Any CPU.Build.0 = Release|Any CPU
	EndGlobalSection
	GlobalSection(SolutionProperties) = preSolution
		HideSolutionNode = FALSE
	EndGlobalSection
	GlobalSection(MonoDevelopProperties) = preSolution
		StartupItem = Assembly-CSharp.csproj
	EndGlobalSection
EndGlobal
